
Microsoft Visual Studio Solution File, Format Version 12.00
# Visual Studio Version 17
VisualStudioVersion = 17.5.002.0
MinimumVisualStudioVersion = 10.0.40219.1
Project("{2150E333-8FDC-42A3-9474-1A3956D46DE8}") = "prepare", "prepare", "{C06B3067-8DC5-4800-A37C-A128A386F904}"
EndProject
Project("{9A19103F-16F7-4668-BE54-9A1E7A4F7556}") = "Learning05", "prepare\Pra-polymorphism\Learning05.csproj", "{3B664DE5-8B4A-4A51-84A1-EF5A4DDF0DA0}"
EndProject
Project("{9A19103F-16F7-4668-BE54-9A1E7A4F7556}") = "Learning02", "prepare\Learning02\Learning02.csproj", "{BE0E1AFB-1E9A-4086-A70E-3C74B6C3E275}"
EndProject
Project("{9A19103F-16F7-4668-BE54-9A1E7A4F7556}") = "Learning04", "prepare\Pra-inheritance\Learning04.csproj", "{5A880121-D153-4C8E-A7FD-90D596348E36}"
EndProject
Project("{9A19103F-16F7-4668-BE54-9A1E7A4F7556}") = "Learning05 (1)", "prepare\Learning05\Learning05.csproj", "{6302670F-8D03-4020-BFB7-5CCBB43B897C}"
EndProject
Project("{9A19103F-16F7-4668-BE54-9A1E7A4F7556}") = "Learning04 (1)", "prepare\Learning04\Learning04.csproj", "{FCC03CF2-9251-487A-AE74-324F93ED86A5}"
EndProject
Project("{9A19103F-16F7-4668-BE54-9A1E7A4F7556}") = "Learning03", "prepare\Learning03\Learning03.csproj", "{944AF7EF-2207-4080-B097-D4E37E1375D9}"
EndProject
Project("{2150E333-8FDC-42A3-9474-1A3956D46DE8}") = "prove", "prove", "{43543A61-51C8-44C8-A178-D55FA04E3BF1}"
EndProject
Project("{9A19103F-16F7-4668-BE54-9A1E7A4F7556}") = "Develop03", "prove\Develop03\Develop03.csproj", "{AF0B0995-57A7-4F61-BF4C-A3AB92487F6E}"
EndProject
Project("{9A19103F-16F7-4668-BE54-9A1E7A4F7556}") = "Develop04", "prove\Develop04\Develop04.csproj", "{9FA015F8-E3F0-485B-91AF-3FE530FB4048}"
EndProject
Project("{9A19103F-16F7-4668-BE54-9A1E7A4F7556}") = "Develop05", "prove\Develop05\Develop05.csproj", "{4CE28B4B-68B7-4870-A5E0-1142DBF503AA}"
EndProject
Project("{9A19103F-16F7-4668-BE54-9A1E7A4F7556}") = "Develop02", "prove\Develop02\Develop02.csproj", "{AB8F2C82-0973-4812-B8D1-241792498A8D}"
EndProject
Project("{2150E333-8FDC-42A3-9474-1A3956D46DE8}") = "sandbox", "sandbox", "{50D572EF-34B4-4966-9F78-B270FF4FA74F}"
EndProject
Project("{9A19103F-16F7-4668-BE54-9A1E7A4F7556}") = "Sandbox", "sandbox\Sandbox\Sandbox.csproj", "{1636C437-6C03-45DD-9031-409FA40FA61C}"
EndProject
Project("{2150E333-8FDC-42A3-9474-1A3956D46DE8}") = "final", "final", "{BCD2389B-5B86-40CC-AF2E-5E0ACC3ACCE9}"
EndProject
Project("{9A19103F-16F7-4668-BE54-9A1E7A4F7556}") = "FinalProject", "final\FinalProject\FinalProject.csproj", "{361EF1D2-2B18-416D-A812-5A1BFDB7E1F2}"
EndProject
Project("{9A19103F-16F7-4668-BE54-9A1E7A4F7556}") = "Foundation1", "final\Foundation1\Foundation1.csproj", "{C98E30C1-AC6D-447A-86BC-C6BAF1F7FA29}"
EndProject
Project("{9A19103F-16F7-4668-BE54-9A1E7A4F7556}") = "Foundation4", "final\Foundation4\Foundation4.csproj", "{C4B47816-2648-4698-A133-BFF7C66672F4}"
EndProject
Project("{9A19103F-16F7-4668-BE54-9A1E7A4F7556}") = "Foundation3", "final\Foundation3\Foundation3.csproj", "{95A1C158-D8AB-44F6-999F-CC6385AB1BC3}"
EndProject
Project("{9A19103F-16F7-4668-BE54-9A1E7A4F7556}") = "Foundation2", "final\Foundation2\Foundation2.csproj", "{A5B89AF4-50E9-4C3C-BBE8-28572C405D29}"
EndProject
Project("{2150E333-8FDC-42A3-9474-1A3956D46DE8}") = "csharp-prep", "csharp-prep", "{BAACBF66-6F62-4F40-918A-71AA1970C3E4}"
EndProject
Project("{9A19103F-16F7-4668-BE54-9A1E7A4F7556}") = "Prep1", "csharp-prep\Prep1\Prep1.csproj", "{C1CD3595-AAE1-4B90-9391-A2D53F5B9FC0}"
EndProject
Project("{9A19103F-16F7-4668-BE54-9A1E7A4F7556}") = "Prep5", "csharp-prep\Prep5\Prep5.csproj", "{B41C7259-94F6-415E-BD00-99EE64B314ED}"
EndProject
Project("{9A19103F-16F7-4668-BE54-9A1E7A4F7556}") = "Prep2", "csharp-prep\Prep2\Prep2.csproj", "{87B136B7-50B5-45CC-9097-697D831F8D9A}"
EndProject
Project("{9A19103F-16F7-4668-BE54-9A1E7A4F7556}") = "Prep3", "csharp-prep\Prep3\Prep3.csproj", "{8D6DCD38-286D-4BC8-BB26-AAE71E82D54B}"
EndProject
Project("{9A19103F-16F7-4668-BE54-9A1E7A4F7556}") = "Prep4", "csharp-prep\Prep4\Prep4.csproj", "{6E44E000-F1FA-4C69-9CD2-76848F08F151}"
EndProject
Global
	GlobalSection(SolutionConfigurationPlatforms) = preSolution
		Debug|Any CPU = Debug|Any CPU
		Release|Any CPU = Release|Any CPU
	EndGlobalSection
	GlobalSection(ProjectConfigurationPlatforms) = postSolution
		{3B664DE5-8B4A-4A51-84A1-EF5A4DDF0DA0}.Debug|Any CPU.ActiveCfg = Debug|Any CPU
		{3B664DE5-8B4A-4A51-84A1-EF5A4DDF0DA0}.Debug|Any CPU.Build.0 = Debug|Any CPU
		{3B664DE5-8B4A-4A51-84A1-EF5A4DDF0DA0}.Release|Any CPU.ActiveCfg = Release|Any CPU
		{3B664DE5-8B4A-4A51-84A1-EF5A4DDF0DA0}.Release|Any CPU.Build.0 = Release|Any CPU
		{BE0E1AFB-1E9A-4086-A70E-3C74B6C3E275}.Debug|Any CPU.ActiveCfg = Debug|Any CPU
		{BE0E1AFB-1E9A-4086-A70E-3C74B6C3E275}.Debug|Any CPU.Build.0 = Debug|Any CPU
		{BE0E1AFB-1E9A-4086-A70E-3C74B6C3E275}.Release|Any CPU.ActiveCfg = Release|Any CPU
		{BE0E1AFB-1E9A-4086-A70E-3C74B6C3E275}.Release|Any CPU.Build.0 = Release|Any CPU
		{5A880121-D153-4C8E-A7FD-90D596348E36}.Debug|Any CPU.ActiveCfg = Debug|Any CPU
		{5A880121-D153-4C8E-A7FD-90D596348E36}.Debug|Any CPU.Build.0 = Debug|Any CPU
		{5A880121-D153-4C8E-A7FD-90D596348E36}.Release|Any CPU.ActiveCfg = Release|Any CPU
		{5A880121-D153-4C8E-A7FD-90D596348E36}.Release|Any CPU.Build.0 = Release|Any CPU
		{6302670F-8D03-4020-BFB7-5CCBB43B897C}.Debug|Any CPU.ActiveCfg = Debug|Any CPU
		{6302670F-8D03-4020-BFB7-5CCBB43B897C}.Debug|Any CPU.Build.0 = Debug|Any CPU
		{6302670F-8D03-4020-BFB7-5CCBB43B897C}.Release|Any CPU.ActiveCfg = Release|Any CPU
		{6302670F-8D03-4020-BFB7-5CCBB43B897C}.Release|Any CPU.Build.0 = Release|Any CPU
		{FCC03CF2-9251-487A-AE74-324F93ED86A5}.Debug|Any CPU.ActiveCfg = Debug|Any CPU
		{FCC03CF2-9251-487A-AE74-324F93ED86A5}.Debug|Any CPU.Build.0 = Debug|Any CPU
		{FCC03CF2-9251-487A-AE74-324F93ED86A5}.Release|Any CPU.ActiveCfg = Release|Any CPU
		{FCC03CF2-9251-487A-AE74-324F93ED86A5}.Release|Any CPU.Build.0 = Release|Any CPU
		{944AF7EF-2207-4080-B097-D4E37E1375D9}.Debug|Any CPU.ActiveCfg = Debug|Any CPU
		{944AF7EF-2207-4080-B097-D4E37E1375D9}.Debug|Any CPU.Build.0 = Debug|Any CPU
		{944AF7EF-2207-4080-B097-D4E37E1375D9}.Release|Any CPU.ActiveCfg = Release|Any CPU
		{944AF7EF-2207-4080-B097-D4E37E1375D9}.Release|Any CPU.Build.0 = Release|Any CPU
		{AF0B0995-57A7-4F61-BF4C-A3AB92487F6E}.Debug|Any CPU.ActiveCfg = Debug|Any CPU
		{AF0B0995-57A7-4F61-BF4C-A3AB92487F6E}.Debug|Any CPU.Build.0 = Debug|Any CPU
		{AF0B0995-57A7-4F61-BF4C-A3AB92487F6E}.Release|Any CPU.ActiveCfg = Release|Any CPU
		{AF0B0995-57A7-4F61-BF4C-A3AB92487F6E}.Release|Any CPU.Build.0 = Release|Any CPU
		{9FA015F8-E3F0-485B-91AF-3FE530FB4048}.Debug|Any CPU.ActiveCfg = Debug|Any CPU
		{9FA015F8-E3F0-485B-91AF-3FE530FB4048}.Debug|Any CPU.Build.0 = Debug|Any CPU
		{9FA015F8-E3F0-485B-91AF-3FE530FB4048}.Release|Any CPU.ActiveCfg = Release|Any CPU
		{9FA015F8-E3F0-485B-91AF-3FE530FB4048}.Release|Any CPU.Build.0 = Release|Any CPU
		{4CE28B4B-68B7-4870-A5E0-1142DBF503AA}.Debug|Any CPU.ActiveCfg = Debug|Any CPU
		{4CE28B4B-68B7-4870-A5E0-1142DBF503AA}.Debug|Any CPU.Build.0 = Debug|Any CPU
		{4CE28B4B-68B7-4870-A5E0-1142DBF503AA}.Release|Any CPU.ActiveCfg = Release|Any CPU
		{4CE28B4B-68B7-4870-A5E0-1142DBF503AA}.Release|Any CPU.Build.0 = Release|Any CPU
		{AB8F2C82-0973-4812-B8D1-241792498A8D}.Debug|Any CPU.ActiveCfg = Debug|Any CPU
		{AB8F2C82-0973-4812-B8D1-241792498A8D}.Debug|Any CPU.Build.0 = Debug|Any CPU
		{AB8F2C82-0973-4812-B8D1-241792498A8D}.Release|Any CPU.ActiveCfg = Release|Any CPU
		{AB8F2C82-0973-4812-B8D1-241792498A8D}.Release|Any CPU.Build.0 = Release|Any CPU
		{1636C437-6C03-45DD-9031-409FA40FA61C}.Debug|Any CPU.ActiveCfg = Debug|Any CPU
		{1636C437-6C03-45DD-9031-409FA40FA61C}.Debug|Any CPU.Build.0 = Debug|Any CPU
		{1636C437-6C03-45DD-9031-409FA40FA61C}.Release|Any CPU.ActiveCfg = Release|Any CPU
		{1636C437-6C03-45DD-9031-409FA40FA61C}.Release|Any CPU.Build.0 = Release|Any CPU
		{361EF1D2-2B18-416D-A812-5A1BFDB7E1F2}.Debug|Any CPU.ActiveCfg = Debug|Any CPU
		{361EF1D2-2B18-416D-A812-5A1BFDB7E1F2}.Debug|Any CPU.Build.0 = Debug|Any CPU
		{361EF1D2-2B18-416D-A812-5A1BFDB7E1F2}.Release|Any CPU.ActiveCfg = Release|Any CPU
		{361EF1D2-2B18-416D-A812-5A1BFDB7E1F2}.Release|Any CPU.Build.0 = Release|Any CPU
		{C98E30C1-AC6D-447A-86BC-C6BAF1F7FA29}.Debug|Any CPU.ActiveCfg = Debug|Any CPU
		{C98E30C1-AC6D-447A-86BC-C6BAF1F7FA29}.Debug|Any CPU.Build.0 = Debug|Any CPU
		{C98E30C1-AC6D-447A-86BC-C6BAF1F7FA29}.Release|Any CPU.ActiveCfg = Release|Any CPU
		{C98E30C1-AC6D-447A-86BC-C6BAF1F7FA29}.Release|Any CPU.Build.0 = Release|Any CPU
		{C4B47816-2648-4698-A133-BFF7C66672F4}.Debug|Any CPU.ActiveCfg = Debug|Any CPU
		{C4B47816-2648-4698-A133-BFF7C66672F4}.Debug|Any CPU.Build.0 = Debug|Any CPU
		{C4B47816-2648-4698-A133-BFF7C66672F4}.Release|Any CPU.ActiveCfg = Release|Any CPU
		{C4B47816-2648-4698-A133-BFF7C66672F4}.Release|Any CPU.Build.0 = Release|Any CPU
		{95A1C158-D8AB-44F6-999F-CC6385AB1BC3}.Debug|Any CPU.ActiveCfg = Debug|Any CPU
		{95A1C158-D8AB-44F6-999F-CC6385AB1BC3}.Debug|Any CPU.Build.0 = Debug|Any CPU
		{95A1C158-D8AB-44F6-999F-CC6385AB1BC3}.Release|Any CPU.ActiveCfg = Release|Any CPU
		{95A1C158-D8AB-44F6-999F-CC6385AB1BC3}.Release|Any CPU.Build.0 = Release|Any CPU
		{A5B89AF4-50E9-4C3C-BBE8-28572C405D29}.Debug|Any CPU.ActiveCfg = Debug|Any CPU
		{A5B89AF4-50E9-4C3C-BBE8-28572C405D29}.Debug|Any CPU.Build.0 = Debug|Any CPU
		{A5B89AF4-50E9-4C3C-BBE8-28572C405D29}.Release|Any CPU.ActiveCfg = Release|Any CPU
		{A5B89AF4-50E9-4C3C-BBE8-28572C405D29}.Release|Any CPU.Build.0 = Release|Any CPU
		{C1CD3595-AAE1-4B90-9391-A2D53F5B9FC0}.Debug|Any CPU.ActiveCfg = Debug|Any CPU
		{C1CD3595-AAE1-4B90-9391-A2D53F5B9FC0}.Debug|Any CPU.Build.0 = Debug|Any CPU
		{C1CD3595-AAE1-4B90-9391-A2D53F5B9FC0}.Release|Any CPU.ActiveCfg = Release|Any CPU
		{C1CD3595-AAE1-4B90-9391-A2D53F5B9FC0}.Release|Any CPU.Build.0 = Release|Any CPU
		{B41C7259-94F6-415E-BD00-99EE64B314ED}.Debug|Any CPU.ActiveCfg = Debug|Any CPU
		{B41C7259-94F6-415E-BD00-99EE64B314ED}.Debug|Any CPU.Build.0 = Debug|Any CPU
		{B41C7259-94F6-415E-BD00-99EE64B314ED}.Release|Any CPU.ActiveCfg = Release|Any CPU
		{B41C7259-94F6-415E-BD00-99EE64B314ED}.Release|Any CPU.Build.0 = Release|Any CPU
		{87B136B7-50B5-45CC-9097-697D831F8D9A}.Debug|Any CPU.ActiveCfg = Debug|Any CPU
		{87B136B7-50B5-45CC-9097-697D831F8D9A}.Debug|Any CPU.Build.0 = Debug|Any CPU
		{87B136B7-50B5-45CC-9097-697D831F8D9A}.Release|Any CPU.ActiveCfg = Release|Any CPU
		{87B136B7-50B5-45CC-9097-697D831F8D9A}.Release|Any CPU.Build.0 = Release|Any CPU
		{8D6DCD38-286D-4BC8-BB26-AAE71E82D54B}.Debug|Any CPU.ActiveCfg = Debug|Any CPU
		{8D6DCD38-286D-4BC8-BB26-AAE71E82D54B}.Debug|Any CPU.Build.0 = Debug|Any CPU
		{8D6DCD38-286D-4BC8-BB26-AAE71E82D54B}.Release|Any CPU.ActiveCfg = Release|Any CPU
		{8D6DCD38-286D-4BC8-BB26-AAE71E82D54B}.Release|Any CPU.Build.0 = Release|Any CPU
		{6E44E000-F1FA-4C69-9CD2-76848F08F151}.Debug|Any CPU.ActiveCfg = Debug|Any CPU
		{6E44E000-F1FA-4C69-9CD2-76848F08F151}.Debug|Any CPU.Build.0 = Debug|Any CPU
		{6E44E000-F1FA-4C69-9CD2-76848F08F151}.Release|Any CPU.ActiveCfg = Release|Any CPU
		{6E44E000-F1FA-4C69-9CD2-76848F08F151}.Release|Any CPU.Build.0 = Release|Any CPU
	EndGlobalSection
	GlobalSection(SolutionProperties) = preSolution
		HideSolutionNode = FALSE
	EndGlobalSection
	GlobalSection(NestedProjects) = preSolution
		{3B664DE5-8B4A-4A51-84A1-EF5A4DDF0DA0} = {C06B3067-8DC5-4800-A37C-A128A386F904}
		{BE0E1AFB-1E9A-4086-A70E-3C74B6C3E275} = {C06B3067-8DC5-4800-A37C-A128A386F904}
		{5A880121-D153-4C8E-A7FD-90D596348E36} = {C06B3067-8DC5-4800-A37C-A128A386F904}
		{6302670F-8D03-4020-BFB7-5CCBB43B897C} = {C06B3067-8DC5-4800-A37C-A128A386F904}
		{FCC03CF2-9251-487A-AE74-324F93ED86A5} = {C06B3067-8DC5-4800-A37C-A128A386F904}
		{944AF7EF-2207-4080-B097-D4E37E1375D9} = {C06B3067-8DC5-4800-A37C-A128A386F904}
		{AF0B0995-57A7-4F61-BF4C-A3AB92487F6E} = {43543A61-51C8-44C8-A178-D55FA04E3BF1}
		{9FA015F8-E3F0-485B-91AF-3FE530FB4048} = {43543A61-51C8-44C8-A178-D55FA04E3BF1}
		{4CE28B4B-68B7-4870-A5E0-1142DBF503AA} = {43543A61-51C8-44C8-A178-D55FA04E3BF1}
		{AB8F2C82-0973-4812-B8D1-241792498A8D} = {43543A61-51C8-44C8-A178-D55FA04E3BF1}
		{1636C437-6C03-45DD-9031-409FA40FA61C} = {50D572EF-34B4-4966-9F78-B270FF4FA74F}
		{361EF1D2-2B18-416D-A812-5A1BFDB7E1F2} = {BCD2389B-5B86-40CC-AF2E-5E0ACC3ACCE9}
		{C98E30C1-AC6D-447A-86BC-C6BAF1F7FA29} = {BCD2389B-5B86-40CC-AF2E-5E0ACC3ACCE9}
		{C4B47816-2648-4698-A133-BFF7C66672F4} = {BCD2389B-5B86-40CC-AF2E-5E0ACC3ACCE9}
		{95A1C158-D8AB-44F6-999F-CC6385AB1BC3} = {BCD2389B-5B86-40CC-AF2E-5E0ACC3ACCE9}
		{A5B89AF4-50E9-4C3C-BBE8-28572C405D29} = {BCD2389B-5B86-40CC-AF2E-5E0ACC3ACCE9}
		{C1CD3595-AAE1-4B90-9391-A2D53F5B9FC0} = {BAACBF66-6F62-4F40-918A-71AA1970C3E4}
		{B41C7259-94F6-415E-BD00-99EE64B314ED} = {BAACBF66-6F62-4F40-918A-71AA1970C3E4}
		{87B136B7-50B5-45CC-9097-697D831F8D9A} = {BAACBF66-6F62-4F40-918A-71AA1970C3E4}
		{8D6DCD38-286D-4BC8-BB26-AAE71E82D54B} = {BAACBF66-6F62-4F40-918A-71AA1970C3E4}
		{6E44E000-F1FA-4C69-9CD2-76848F08F151} = {BAACBF66-6F62-4F40-918A-71AA1970C3E4}
	EndGlobalSection
	GlobalSection(ExtensibilityGlobals) = postSolution
		SolutionGuid = {31F58CEA-2746-4E95-85F1-9F008C580E5F}
	EndGlobalSection
EndGlobal
